
Microsoft Visual Studio Solution File, Format Version 12.00
# Visual Studio Version 17
VisualStudioVersion = 17.7.34009.444
MinimumVisualStudioVersion = 10.0.40219.1
Project("{FAE04EC0-301F-11D3-BF4B-00C04F79EFBC}") = "QR_Sifreleme", "QR_Sifreleme\QR_Sifreleme.csproj", "{CF60026A-F657-4A53-9E98-D10FB25548D2}"
EndProject
Global
	GlobalSection(SolutionConfigurationPlatforms) = preSolution
		Debug|Any CPU = Debug|Any CPU
		Release|Any CPU = Release|Any CPU
	EndGlobalSection
	GlobalSection(ProjectConfigurationPlatforms) = postSolution
		{CF60026A-F657-4A53-9E98-D10FB25548D2}.Debug|Any CPU.ActiveCfg = Debug|Any CPU
		{CF60026A-F657-4A53-9E98-D10FB25548D2}.Debug|Any CPU.Build.0 = Debug|Any CPU
		{CF60026A-F657-4A53-9E98-D10FB25548D2}.Release|Any CPU.ActiveCfg = Release|Any CPU
		{CF60026A-F657-4A53-9E98-D10FB25548D2}.Release|Any CPU.Build.0 = Release|Any CPU
	EndGlobalSection
	GlobalSection(SolutionProperties) = preSolution
		HideSolutionNode = FALSE
	EndGlobalSection
	GlobalSection(ExtensibilityGlobals) = postSolution
		SolutionGuid = {09A35005-00F4-4A68-97AA-ABB8F4D3F63F}
	EndGlobalSection
EndGlobal
